// !$*UTF8*$!
{
	archiveVersion = 1;
	classes = {
	};
	objectVersion = 50;
	objects = {

/* Begin PBXBuildFile section */
		D59A3D89240ABA6A003E6989 /* AppDelegate.swift in Sources */ = {isa = PBXBuildFile; fileRef = D59A3D88240ABA6A003E6989 /* AppDelegate.swift */; };
		D59A3D8B240ABA6A003E6989 /* SceneDelegate.swift in Sources */ = {isa = PBXBuildFile; fileRef = D59A3D8A240ABA6A003E6989 /* SceneDelegate.swift */; };
		D59A3D8D240ABA6A003E6989 /* ViewController.swift in Sources */ = {isa = PBXBuildFile; fileRef = D59A3D8C240ABA6A003E6989 /* ViewController.swift */; };
		D59A3D90240ABA6A003E6989 /* Main.storyboard in Resources */ = {isa = PBXBuildFile; fileRef = D59A3D8E240ABA6A003E6989 /* Main.storyboard */; };
		D59A3D92240ABA6B003E6989 /* Assets.xcassets in Resources */ = {isa = PBXBuildFile; fileRef = D59A3D91240ABA6B003E6989 /* Assets.xcassets */; };
		D59A3D95240ABA6B003E6989 /* LaunchScreen.storyboard in Resources */ = {isa = PBXBuildFile; fileRef = D59A3D93240ABA6B003E6989 /* LaunchScreen.storyboard */; };
		D59A3DA0240ABA6B003E6989 /* PracticeProjectTests.swift in Sources */ = {isa = PBXBuildFile; fileRef = D59A3D9F240ABA6B003E6989 /* PracticeProjectTests.swift */; };
/* End PBXBuildFile section */

/* Begin PBXContainerItemProxy section */
		D59A3D9C240ABA6B003E6989 /* PBXContainerItemProxy */ = {
			isa = PBXContainerItemProxy;
			containerPortal = D59A3D7D240ABA6A003E6989 /* Project object */;
			proxyType = 1;
			remoteGlobalIDString = D59A3D84240ABA6A003E6989;
			remoteInfo = PracticeProject;
		};
/* End PBXContainerItemProxy section */

/* Begin PBXFileReference section */
		D59A3D85240ABA6A003E6989 /* PracticeProject.app */ = {isa = PBXFileReference; explicitFileType = wrapper.application; includeInIndex = 0; path = PracticeProject.app; sourceTree = BUILT_PRODUCTS_DIR; };
		D59A3D88240ABA6A003E6989 /* AppDelegate.swift */ = {isa = PBXFileReference; lastKnownFileType = sourcecode.swift; path = AppDelegate.swift; sourceTree = "<group>"; };
		D59A3D8A240ABA6A003E6989 /* SceneDelegate.swift */ = {isa = PBXFileReference; lastKnownFileType = sourcecode.swift; path = SceneDelegate.swift; sourceTree = "<group>"; };
		D59A3D8C240ABA6A003E6989 /* ViewController.swift */ = {isa = PBXFileReference; lastKnownFileType = sourcecode.swift; path = ViewController.swift; sourceTree = "<group>"; };
		D59A3D8F240ABA6A003E6989 /* Base */ = {isa = PBXFileReference; lastKnownFileType = file.storyboard; name = Base; path = Base.lproj/Main.storyboard; sourceTree = "<group>"; };
		D59A3D91240ABA6B003E6989 /* Assets.xcassets */ = {isa = PBXFileReference; lastKnownFileType = folder.assetcatalog; path = Assets.xcassets; sourceTree = "<group>"; };
		D59A3D94240ABA6B003E6989 /* Base */ = {isa = PBXFileReference; lastKnownFileType = file.storyboard; name = Base; path = Base.lproj/LaunchScreen.storyboard; sourceTree = "<group>"; };
		D59A3D96240ABA6B003E6989 /* Info.plist */ = {isa = PBXFileReference; lastKnownFileType = text.plist.xml; path = Info.plist; sourceTree = "<group>"; };
		D59A3D9B240ABA6B003E6989 /* PracticeProjectTests.xctest */ = {isa = PBXFileReference; explicitFileType = wrapper.cfbundle; includeInIndex = 0; path = PracticeProjectTests.xctest; sourceTree = BUILT_PRODUCTS_DIR; };
		D59A3D9F240ABA6B003E6989 /* PracticeProjectTests.swift */ = {isa = PBXFileReference; lastKnownFileType = sourcecode.swift; path = PracticeProjectTests.swift; sourceTree = "<group>"; };
		D59A3DA1240ABA6B003E6989 /* Info.plist */ = {isa = PBXFileReference; lastKnownFileType = text.plist.xml; path = Info.plist; sourceTree = "<group>"; };
/* End PBXFileReference section */

/* Begin PBXFrameworksBuildPhase section */
		D59A3D82240ABA6A003E6989 /* Frameworks */ = {
			isa = PBXFrameworksBuildPhase;
			buildActionMask = 2147483647;
			files = (
			);
			runOnlyForDeploymentPostprocessing = 0;
		};
		D59A3D98240ABA6B003E6989 /* Frameworks */ = {
			isa = PBXFrameworksBuildPhase;
			buildActionMask = 2147483647;
			files = (
			);
			runOnlyForDeploymentPostprocessing = 0;
		};
/* End PBXFrameworksBuildPhase section */

/* Begin PBXGroup section */
		D59A3D7C240ABA6A003E6989 = {
			isa = PBXGroup;
			children = (
				D59A3D87240ABA6A003E6989 /* PracticeProject */,
				D59A3D9E240ABA6B003E6989 /* PracticeProjectTests */,
				D59A3D86240ABA6A003E6989 /* Products */,
			);
			sourceTree = "<group>";
		};
		D59A3D86240ABA6A003E6989 /* Products */ = {
			isa = PBXGroup;
			children = (
				D59A3D85240ABA6A003E6989 /* PracticeProject.app */,
				D59A3D9B240ABA6B003E6989 /* PracticeProjectTests.xctest */,
			);
			name = Products;
			sourceTree = "<group>";
		};
		D59A3D87240ABA6A003E6989 /* PracticeProject */ = {
			isa = PBXGroup;
			children = (
				D59A3D88240ABA6A003E6989 /* AppDelegate.swift */,
				D59A3D8A240ABA6A003E6989 /* SceneDelegate.swift */,
				D59A3D8C240ABA6A003E6989 /* ViewController.swift */,
				D59A3D8E240ABA6A003E6989 /* Main.storyboard */,
				D59A3D91240ABA6B003E6989 /* Assets.xcassets */,
				D59A3D93240ABA6B003E6989 /* LaunchScreen.storyboard */,
				D59A3D96240ABA6B003E6989 /* Info.plist */,
			);
			path = PracticeProject;
			sourceTree = "<group>";
		};
		D59A3D9E240ABA6B003E6989 /* PracticeProjectTests */ = {
			isa = PBXGroup;
			children = (
				D59A3D9F240ABA6B003E6989 /* PracticeProjectTests.swift */,
				D59A3DA1240ABA6B003E6989 /* Info.plist */,
			);
			path = PracticeProjectTests;
			sourceTree = "<group>";
		};
/* End PBXGroup section */

/* Begin PBXNativeTarget section */
		D59A3D84240ABA6A003E6989 /* PracticeProject */ = {
			isa = PBXNativeTarget;
			buildConfigurationList = D59A3DA4240ABA6B003E6989 /* Build configuration list for PBXNativeTarget "PracticeProject" */;
			buildPhases = (
				D59A3D81240ABA6A003E6989 /* Sources */,
				D59A3D82240ABA6A003E6989 /* Frameworks */,
				D59A3D83240ABA6A003E6989 /* Resources */,
			);
			buildRules = (
			);
			dependencies = (
			);
			name = PracticeProject;
			productName = PracticeProject;
			productReference = D59A3D85240ABA6A003E6989 /* PracticeProject.app */;
			productType = "com.apple.product-type.application";
		};
		D59A3D9A240ABA6B003E6989 /* PracticeProjectTests */ = {
			isa = PBXNativeTarget;
			buildConfigurationList = D59A3DA7240ABA6B003E6989 /* Build configuration list for PBXNativeTarget "PracticeProjectTests" */;
			buildPhases = (
				D59A3D97240ABA6B003E6989 /* Sources */,
				D59A3D98240ABA6B003E6989 /* Frameworks */,
				D59A3D99240ABA6B003E6989 /* Resources */,
			);
			buildRules = (
			);
			dependencies = (
				D59A3D9D240ABA6B003E6989 /* PBXTargetDependency */,
			);
			name = PracticeProjectTests;
			productName = PracticeProjectTests;
			productReference = D59A3D9B240ABA6B003E6989 /* PracticeProjectTests.xctest */;
			productType = "com.apple.product-type.bundle.unit-test";
		};
/* End PBXNativeTarget section */

/* Begin PBXProject section */
		D59A3D7D240ABA6A003E6989 /* Project object */ = {
			isa = PBXProject;
			attributes = {
				LastSwiftUpdateCheck = 1130;
				LastUpgradeCheck = 1130;
				ORGANIZATIONNAME = "Nghia Nguyen";
				TargetAttributes = {
					D59A3D84240ABA6A003E6989 = {
						CreatedOnToolsVersion = 11.3.1;
					};
					D59A3D9A240ABA6B003E6989 = {
						CreatedOnToolsVersion = 11.3.1;
						TestTargetID = D59A3D84240ABA6A003E6989;
					};
				};
			};
			buildConfigurationList = D59A3D80240ABA6A003E6989 /* Build configuration list for PBXProject "PracticeProject" */;
			compatibilityVersion = "Xcode 9.3";
			developmentRegion = en;
			hasScannedForEncodings = 0;
			knownRegions = (
				en,
				Base,
			);
			mainGroup = D59A3D7C240ABA6A003E6989;
			productRefGroup = D59A3D86240ABA6A003E6989 /* Products */;
			projectDirPath = "";
			projectRoot = "";
			targets = (
				D59A3D84240ABA6A003E6989 /* PracticeProject */,
				D59A3D9A240ABA6B003E6989 /* PracticeProjectTests */,
			);
		};
/* End PBXProject section */

/* Begin PBXResourcesBuildPhase section */
		D59A3D83240ABA6A003E6989 /* Resources */ = {
			isa = PBXResourcesBuildPhase;
			buildActionMask = 2147483647;
			files = (
				D59A3D95240ABA6B003E6989 /* LaunchScreen.storyboard in Resources */,
				D59A3D92240ABA6B003E6989 /* Assets.xcassets in Resources */,
				D59A3D90240ABA6A003E6989 /* Main.storyboard in Resources */,
			);
			runOnlyForDeploymentPostprocessing = 0;
		};
		D59A3D99240ABA6B003E6989 /* Resources */ = {
			isa = PBXResourcesBuildPhase;
			buildActionMask = 2147483647;
			files = (
			);
			runOnlyForDeploymentPostprocessing = 0;
		};
/* End PBXResourcesBuildPhase section */

/* Begin PBXSourcesBuildPhase section */
		D59A3D81240ABA6A003E6989 /* Sources */ = {
			isa = PBXSourcesBuildPhase;
			buildActionMask = 2147483647;
			files = (
				D59A3D8D240ABA6A003E6989 /* ViewController.swift in Sources */,
				D59A3D89240ABA6A003E6989 /* AppDelegate.swift in Sources */,
				D59A3D8B240ABA6A003E6989 /* SceneDelegate.swift in Sources */,
			);
			runOnlyForDeploymentPostprocessing = 0;
		};
		D59A3D97240ABA6B003E6989 /* Sources */ = {
			isa = PBXSourcesBuildPhase;
			buildActionMask = 2147483647;
			files = (
				D59A3DA0240ABA6B003E6989 /* PracticeProjectTests.swift in Sources */,
			);
			runOnlyForDeploymentPostprocessing = 0;
		};
/* End PBXSourcesBuildPhase section */

/* Begin PBXTargetDependency section */
		D59A3D9D240ABA6B003E6989 /* PBXTargetDependency */ = {
			isa = PBXTargetDependency;
			target = D59A3D84240ABA6A003E6989 /* PracticeProject */;
			targetProxy = D59A3D9C240ABA6B003E6989 /* PBXContainerItemProxy */;
		};
/* End PBXTargetDependency section */

/* Begin PBXVariantGroup section */
		D59A3D8E240ABA6A003E6989 /* Main.storyboard */ = {
			isa = PBXVariantGroup;
			children = (
				D59A3D8F240ABA6A003E6989 /* Base */,
			);
			name = Main.storyboard;
			sourceTree = "<group>";
		};
		D59A3D93240ABA6B003E6989 /* LaunchScreen.storyboard */ = {
			isa = PBXVariantGroup;
			children = (
				D59A3D94240ABA6B003E6989 /* Base */,
			);
			name = LaunchScreen.storyboard;
			sourceTree = "<group>";
		};
/* End PBXVariantGroup section */

/* Begin XCBuildConfiguration section */
		D59A3DA2240ABA6B003E6989 /* Debug */ = {
			isa = XCBuildConfiguration;
			buildSettings = {
				ALWAYS_SEARCH_USER_PATHS = NO;
				CLANG_ANALYZER_NONNULL = YES;
				CLANG_ANALYZER_NUMBER_OBJECT_CONVERSION = YES_AGGRESSIVE;
				CLANG_CXX_LANGUAGE_STANDARD = "gnu++14";
				CLANG_CXX_LIBRARY = "libc++";
				CLANG_ENABLE_MODULES = YES;
				CLANG_ENABLE_OBJC_ARC = YES;
				CLANG_ENABLE_OBJC_WEAK = YES;
				CLANG_WARN_BLOCK_CAPTURE_AUTORELEASING = YES;
				CLANG_WARN_BOOL_CONVERSION = YES;
				CLANG_WARN_COMMA = YES;
				CLANG_WARN_CONSTANT_CONVERSION = YES;
				CLANG_WARN_DEPRECATED_OBJC_IMPLEMENTATIONS = YES;
				CLANG_WARN_DIRECT_OBJC_ISA_USAGE = YES_ERROR;
				CLANG_WARN_DOCUMENTATION_COMMENTS = YES;
				CLANG_WARN_EMPTY_BODY = YES;
				CLANG_WARN_ENUM_CONVERSION = YES;
				CLANG_WARN_INFINITE_RECURSION = YES;
				CLANG_WARN_INT_CONVERSION = YES;
				CLANG_WARN_NON_LITERAL_NULL_CONVERSION = YES;
				CLANG_WARN_OBJC_IMPLICIT_RETAIN_SELF = YES;
				CLANG_WARN_OBJC_LITERAL_CONVERSION = YES;
				CLANG_WARN_OBJC_ROOT_CLASS = YES_ERROR;
				CLANG_WARN_RANGE_LOOP_ANALYSIS = YES;
				CLANG_WARN_STRICT_PROTOTYPES = YES;
				CLANG_WARN_SUSPICIOUS_MOVE = YES;
				CLANG_WARN_UNGUARDED_AVAILABILITY = YES_AGGRESSIVE;
				CLANG_WARN_UNREACHABLE_CODE = YES;
				CLANG_WARN__DUPLICATE_METHOD_MATCH = YES;
				COPY_PHASE_STRIP = NO;
				DEBUG_INFORMATION_FORMAT = dwarf;
				ENABLE_STRICT_OBJC_MSGSEND = YES;
				ENABLE_TESTABILITY = YES;
				GCC_C_LANGUAGE_STANDARD = gnu11;
				GCC_DYNAMIC_NO_PIC = NO;
				GCC_NO_COMMON_BLOCKS = YES;
				GCC_OPTIMIZATION_LEVEL = 0;
				GCC_PREPROCESSOR_DEFINITIONS = (
					"DEBUG=1",
					"$(inherited)",
				);
				GCC_WARN_64_TO_32_BIT_CONVERSION = YES;
				GCC_WARN_ABOUT_RETURN_TYPE = YES_ERROR;
				GCC_WARN_UNDECLARED_SELECTOR = YES;
				GCC_WARN_UNINITIALIZED_AUTOS = YES_AGGRESSIVE;
				GCC_WARN_UNUSED_FUNCTION = YES;
				GCC_WARN_UNUSED_VARIABLE = YES;
				IPHONEOS_DEPLOYMENT_TARGET = 13.2;
				MTL_ENABLE_DEBUG_INFO = INCLUDE_SOURCE;
				MTL_FAST_MATH = YES;
				ONLY_ACTIVE_ARCH = YES;
				SDKROOT = iphoneos;
				SWIFT_ACTIVE_COMPILATION_CONDITIONS = DEBUG;
				SWIFT_OPTIMIZATION_LEVEL = "-Onone";
			};
			name = Debug;
		};
		D59A3DA3240ABA6B003E6989 /* Release */ = {
			isa = XCBuildConfiguration;
			buildSettings = {
				ALWAYS_SEARCH_USER_PATHS = NO;
				CLANG_ANALYZER_NONNULL = YES;
				CLANG_ANALYZER_NUMBER_OBJECT_CONVERSION = YES_AGGRESSIVE;
				CLANG_CXX_LANGUAGE_STANDARD = "gnu++14";
				CLANG_CXX_LIBRARY = "libc++";
				CLANG_ENABLE_MODULES = YES;
				CLANG_ENABLE_OBJC_ARC = YES;
				CLANG_ENABLE_OBJC_WEAK = YES;
				CLANG_WARN_BLOCK_CAPTURE_AUTORELEASING = YES;
				CLANG_WARN_BOOL_CONVERSION = YES;
				CLANG_WARN_COMMA = YES;
				CLANG_WARN_CONSTANT_CONVERSION = YES;
				CLANG_WARN_DEPRECATED_OBJC_IMPLEMENTATIONS = YES;
				CLANG_WARN_DIRECT_OBJC_ISA_USAGE = YES_ERROR;
				CLANG_WARN_DOCUMENTATION_COMMENTS = YES;
				CLANG_WARN_EMPTY_BODY = YES;
				CLANG_WARN_ENUM_CONVERSION = YES;
				CLANG_WARN_INFINITE_RECURSION = YES;
				CLANG_WARN_INT_CONVERSION = YES;
				CLANG_WARN_NON_LITERAL_NULL_CONVERSION = YES;
				CLANG_WARN_OBJC_IMPLICIT_RETAIN_SELF = YES;
				CLANG_WARN_OBJC_LITERAL_CONVERSION = YES;
				CLANG_WARN_OBJC_ROOT_CLASS = YES_ERROR;
				CLANG_WARN_RANGE_LOOP_ANALYSIS = YES;
				CLANG_WARN_STRICT_PROTOTYPES = YES;
				CLANG_WARN_SUSPICIOUS_MOVE = YES;
				CLANG_WARN_UNGUARDED_AVAILABILITY = YES_AGGRESSIVE;
				CLANG_WARN_UNREACHABLE_CODE = YES;
				CLANG_WARN__DUPLICATE_METHOD_MATCH = YES;
				COPY_PHASE_STRIP = NO;
				DEBUG_INFORMATION_FORMAT = "dwarf-with-dsym";
				ENABLE_NS_ASSERTIONS = NO;
				ENABLE_STRICT_OBJC_MSGSEND = YES;
				GCC_C_LANGUAGE_STANDARD = gnu11;
				GCC_NO_COMMON_BLOCKS = YES;
				GCC_WARN_64_TO_32_BIT_CONVERSION = YES;
				GCC_WARN_ABOUT_RETURN_TYPE = YES_ERROR;
				GCC_WARN_UNDECLARED_SELECTOR = YES;
				GCC_WARN_UNINITIALIZED_AUTOS = YES_AGGRESSIVE;
				GCC_WARN_UNUSED_FUNCTION = YES;
				GCC_WARN_UNUSED_VARIABLE = YES;
				IPHONEOS_DEPLOYMENT_TARGET = 13.2;
				MTL_ENABLE_DEBUG_INFO = NO;
				MTL_FAST_MATH = YES;
				SDKROOT = iphoneos;
				SWIFT_COMPILATION_MODE = wholemodule;
				SWIFT_OPTIMIZATION_LEVEL = "-O";
				VALIDATE_PRODUCT = YES;
			};
			name = Release;
		};
		D59A3DA5240ABA6B003E6989 /* Debug */ = {
			isa = XCBuildConfiguration;
			buildSettings = {
				ASSETCATALOG_COMPILER_APPICON_NAME = AppIcon;
				CODE_SIGN_STYLE = Automatic;
				INFOPLIST_FILE = PracticeProject/Info.plist;
				LD_RUNPATH_SEARCH_PATHS = (
					"$(inherited)",
					"@executable_path/Frameworks",
				);
				PRODUCT_BUNDLE_IDENTIFIER = liteteam.PracticeProject;
				PRODUCT_NAME = "$(TARGET_NAME)";
				SWIFT_VERSION = 5.0;
				TARGETED_DEVICE_FAMILY = "1,2";
			};
			name = Debug;
		};
		D59A3DA6240ABA6B003E6989 /* Release */ = {
			isa = XCBuildConfiguration;
			buildSettings = {
				ASSETCATALOG_COMPILER_APPICON_NAME = AppIcon;
				CODE_SIGN_STYLE = Automatic;
				INFOPLIST_FILE = PracticeProject/Info.plist;
				LD_RUNPATH_SEARCH_PATHS = (
					"$(inherited)",
					"@executable_path/Frameworks",
				);
				PRODUCT_BUNDLE_IDENTIFIER = liteteam.PracticeProject;
				PRODUCT_NAME = "$(TARGET_NAME)";
				SWIFT_VERSION = 5.0;
				TARGETED_DEVICE_FAMILY = "1,2";
			};
			name = Release;
		};
		D59A3DA8240ABA6B003E6989 /* Debug */ = {
			isa = XCBuildConfiguration;
			buildSettings = {
				ALWAYS_EMBED_SWIFT_STANDARD_LIBRARIES = YES;
				BUNDLE_LOADER = "$(TEST_HOST)";
				CODE_SIGN_STYLE = Automatic;
				INFOPLIST_FILE = PracticeProjectTests/Info.plist;
				IPHONEOS_DEPLOYMENT_TARGET = 13.2;
				LD_RUNPATH_SEARCH_PATHS = (
					"$(inherited)",
					"@executable_path/Frameworks",
					"@loader_path/Frameworks",
				);
				PRODUCT_BUNDLE_IDENTIFIER = liteteam.PracticeProjectTests;
				PRODUCT_NAME = "$(TARGET_NAME)";
				SWIFT_VERSION = 5.0;
				TARGETED_DEVICE_FAMILY = "1,2";
				TEST_HOST = "$(BUILT_PRODUCTS_DIR)/PracticeProject.app/PracticeProject";
			};
			name = Debug;
		};
		D59A3DA9240ABA6B003E6989 /* Release */ = {
			isa = XCBuildConfiguration;
			buildSettings = {
				ALWAYS_EMBED_SWIFT_STANDARD_LIBRARIES = YES;
				BUNDLE_LOADER = "$(TEST_HOST)";
				CODE_SIGN_STYLE = Automatic;
				INFOPLIST_FILE = PracticeProjectTests/Info.plist;
				IPHONEOS_DEPLOYMENT_TARGET = 13.2;
				LD_RUNPATH_SEARCH_PATHS = (
					"$(inherited)",
					"@executable_path/Frameworks",
					"@loader_path/Frameworks",
				);
				PRODUCT_BUNDLE_IDENTIFIER = liteteam.PracticeProjectTests;
				PRODUCT_NAME = "$(TARGET_NAME)";
				SWIFT_VERSION = 5.0;
				TARGETED_DEVICE_FAMILY = "1,2";
				TEST_HOST = "$(BUILT_PRODUCTS_DIR)/PracticeProject.app/PracticeProject";
			};
			name = Release;
		};
/* End XCBuildConfiguration section */

/* Begin XCConfigurationList section */
		D59A3D80240ABA6A003E6989 /* Build configuration list for PBXProject "PracticeProject" */ = {
			isa = XCConfigurationList;
			buildConfigurations = (
				D59A3DA2240ABA6B003E6989 /* Debug */,
				D59A3DA3240ABA6B003E6989 /* Release */,
			);
			defaultConfigurationIsVisible = 0;
			defaultConfigurationName = Release;
		};
		D59A3DA4240ABA6B003E6989 /* Build configuration list for PBXNativeTarget "PracticeProject" */ = {
			isa = XCConfigurationList;
			buildConfigurations = (
				D59A3DA5240ABA6B003E6989 /* Debug */,
				D59A3DA6240ABA6B003E6989 /* Release */,
			);
			defaultConfigurationIsVisible = 0;
			defaultConfigurationName = Release;
		};
		D59A3DA7240ABA6B003E6989 /* Build configuration list for PBXNativeTarget "PracticeProjectTests" */ = {
			isa = XCConfigurationList;
			buildConfigurations = (
				D59A3DA8240ABA6B003E6989 /* Debug */,
				D59A3DA9240ABA6B003E6989 /* Release */,
			);
			defaultConfigurationIsVisible = 0;
			defaultConfigurationName = Release;
		};
/* End XCConfigurationList section */
	};
	rootObject = D59A3D7D240ABA6A003E6989 /* Project object */;
}
